{
  "name": "gmail_send_email",
  "version": "1.0.0",
  "lockfileVersion": 3,
  "requires": true,
  "packages": {
    "": {
      "name": "gmail_send_email",
      "version": "1.0.0",
      "license": "ISC",
      "dependencies": {
        "gmail-send": "^1.8.14"
      }
    },
    "node_modules/gmail-send": {
      "version": "1.8.14",
      "resolved": "https://registry.npmjs.org/gmail-send/-/gmail-send-1.8.14.tgz",
      "integrity": "sha512-hc+4Ej7ZJtw0G5sync10pmWkpPXIabkQ+p/a92lPPTXni3ChEU9sR2wxOvK6Hx+5Ou+2m9h1cVffWEgtR6Gzkw==",
      "dependencies": {
        "lodash": "^4.17.21",
        "nodemailer": "^6.6.5"
      }
    },
    "node_modules/lodash": {
      "version": "4.17.21",
      "resolved": "https://registry.npmjs.org/lodash/-/lodash-4.17.21.tgz",
      "integrity": "sha512-v2kDEe57lecTulaDIuNTPy3Ry4gLGJ6Z1O3vE1krgXZNrsQ+LFTGHVxVjcXPs17LhbZVGedAJv8XZ1tvj5FvSg=="
    },
    "node_modules/nodemailer": {
      "version": "6.9.7",
      "resolved": "https://registry.npmjs.org/nodemailer/-/nodemailer-6.9.7.tgz",
      "integrity": "sha512-rUtR77ksqex/eZRLmQ21LKVH5nAAsVicAtAYudK7JgwenEDZ0UIQ1adUGqErz7sMkWYxWTTU1aeP2Jga6WQyJw==",
      "engines": {
        "node": ">=6.0.0"
      }
    }
  }
}
